
Microsoft Visual Studio Solution File, Format Version 12.00
# Visual Studio 14
VisualStudioVersion = 14.0.25420.1
MinimumVisualStudioVersion = 10.0.40219.1
Project("{FAE04EC0-301F-11D3-BF4B-00C04F79EFBC}") = "ApiJobs", "ApiJobs\ApiJobs.csproj", "{87D73ADD-C852-4254-867C-93A50FEBB349}"
EndProject
Project("{FAE04EC0-301F-11D3-BF4B-00C04F79EFBC}") = "AngUI", "..\AngUI\AngUI.csproj", "{BD2037FE-FEEC-4BE1-9002-1BBF9306E435}"
EndProject
Global
	GlobalSection(SolutionConfigurationPlatforms) = preSolution
		Debug|Any CPU = Debug|Any CPU
		Release|Any CPU = Release|Any CPU
	EndGlobalSection
	GlobalSection(ProjectConfigurationPlatforms) = postSolution
		{87D73ADD-C852-4254-867C-93A50FEBB349}.Debug|Any CPU.ActiveCfg = Debug|Any CPU
		{87D73ADD-C852-4254-867C-93A50FEBB349}.Debug|Any CPU.Build.0 = Debug|Any CPU
		{87D73ADD-C852-4254-867C-93A50FEBB349}.Release|Any CPU.ActiveCfg = Release|Any CPU
		{87D73ADD-C852-4254-867C-93A50FEBB349}.Release|Any CPU.Build.0 = Release|Any CPU
		{BD2037FE-FEEC-4BE1-9002-1BBF9306E435}.Debug|Any CPU.ActiveCfg = Debug|Any CPU
		{BD2037FE-FEEC-4BE1-9002-1BBF9306E435}.Debug|Any CPU.Build.0 = Debug|Any CPU
		{BD2037FE-FEEC-4BE1-9002-1BBF9306E435}.Release|Any CPU.ActiveCfg = Release|Any CPU
		{BD2037FE-FEEC-4BE1-9002-1BBF9306E435}.Release|Any CPU.Build.0 = Release|Any CPU
	EndGlobalSection
	GlobalSection(SolutionProperties) = preSolution
		HideSolutionNode = FALSE
	EndGlobalSection
EndGlobal
