
Microsoft Visual Studio Solution File, Format Version 12.00
# Visual Studio 2013
VisualStudioVersion = 12.0.30501.0
MinimumVisualStudioVersion = 10.0.40219.1
Project("{FAE04EC0-301F-11D3-BF4B-00C04F79EFBC}") = "SignalR2", "SignalR2\SignalR2.csproj", "{9824D8FB-10FF-49FF-8C7B-AFE1C1FB622A}"
EndProject
Global
	GlobalSection(SolutionConfigurationPlatforms) = preSolution
		Debug|Any CPU = Debug|Any CPU
		Release|Any CPU = Release|Any CPU
	EndGlobalSection
	GlobalSection(ProjectConfigurationPlatforms) = postSolution
		{9824D8FB-10FF-49FF-8C7B-AFE1C1FB622A}.Debug|Any CPU.ActiveCfg = Debug|Any CPU
		{9824D8FB-10FF-49FF-8C7B-AFE1C1FB622A}.Debug|Any CPU.Build.0 = Debug|Any CPU
		{9824D8FB-10FF-49FF-8C7B-AFE1C1FB622A}.Release|Any CPU.ActiveCfg = Release|Any CPU
		{9824D8FB-10FF-49FF-8C7B-AFE1C1FB622A}.Release|Any CPU.Build.0 = Release|Any CPU
	EndGlobalSection
	GlobalSection(SolutionProperties) = preSolution
		HideSolutionNode = FALSE
	EndGlobalSection
EndGlobal
